
Microsoft Visual Studio Solution File, Format Version 12.00
# Visual Studio Version 17
VisualStudioVersion = 17.4.33205.214
MinimumVisualStudioVersion = 10.0.40219.1
Project("{9A19103F-16F7-4668-BE54-9A1E7A4F7556}") = "Doi_Project", "Doi_Project.csproj", "{3580EDA9-3032-4870-BC4F-051130DC588F}"
EndProject
Global
	GlobalSection(SolutionConfigurationPlatforms) = preSolution
		Debug|Any CPU = Debug|Any CPU
		Release|Any CPU = Release|Any CPU
	EndGlobalSection
	GlobalSection(ProjectConfigurationPlatforms) = postSolution
		{3580EDA9-3032-4870-BC4F-051130DC588F}.Debug|Any CPU.ActiveCfg = Debug|Any CPU
		{3580EDA9-3032-4870-BC4F-051130DC588F}.Debug|Any CPU.Build.0 = Debug|Any CPU
		{3580EDA9-3032-4870-BC4F-051130DC588F}.Release|Any CPU.ActiveCfg = Release|Any CPU
		{3580EDA9-3032-4870-BC4F-051130DC588F}.Release|Any CPU.Build.0 = Release|Any CPU
		{2AF5B7E1-EC5A-4DA6-9F80-CB6BF061927D}.Debug|Any CPU.ActiveCfg = Debug|Any CPU
		{2AF5B7E1-EC5A-4DA6-9F80-CB6BF061927D}.Debug|Any CPU.Build.0 = Debug|Any CPU
		{2AF5B7E1-EC5A-4DA6-9F80-CB6BF061927D}.Release|Any CPU.ActiveCfg = Release|Any CPU
		{2AF5B7E1-EC5A-4DA6-9F80-CB6BF061927D}.Release|Any CPU.Build.0 = Release|Any CPU
	EndGlobalSection
	GlobalSection(SolutionProperties) = preSolution
		HideSolutionNode = FALSE
	EndGlobalSection
	GlobalSection(ExtensibilityGlobals) = postSolution
		SolutionGuid = {6A59704D-36D6-4A76-820B-D0678D29011D}
	EndGlobalSection
EndGlobal
